
Microsoft Visual Studio Solution File, Format Version 12.00
# Visual Studio Version 17
VisualStudioVersion = 17.9.34723.18
MinimumVisualStudioVersion = 10.0.40219.1
Project("{FAE04EC0-301F-11D3-BF4B-00C04F79EFBC}") = "10.06", "10.06.csproj", "{49003CB2-881D-434B-9F9C-C46EB89C43C6}"
EndProject
Project("{FAE04EC0-301F-11D3-BF4B-00C04F79EFBC}") = "tehHelperSample", "..\tehHelperSample\tehHelperSample.csproj", "{96977DA8-CC8B-452C-842D-B9C004B0139F}"
EndProject
Global
	GlobalSection(SolutionConfigurationPlatforms) = preSolution
		Debug|Any CPU = Debug|Any CPU
		Release|Any CPU = Release|Any CPU
	EndGlobalSection
	GlobalSection(ProjectConfigurationPlatforms) = postSolution
		{49003CB2-881D-434B-9F9C-C46EB89C43C6}.Debug|Any CPU.ActiveCfg = Debug|Any CPU
		{49003CB2-881D-434B-9F9C-C46EB89C43C6}.Debug|Any CPU.Build.0 = Debug|Any CPU
		{49003CB2-881D-434B-9F9C-C46EB89C43C6}.Release|Any CPU.ActiveCfg = Release|Any CPU
		{49003CB2-881D-434B-9F9C-C46EB89C43C6}.Release|Any CPU.Build.0 = Release|Any CPU
		{96977DA8-CC8B-452C-842D-B9C004B0139F}.Debug|Any CPU.ActiveCfg = Debug|Any CPU
		{96977DA8-CC8B-452C-842D-B9C004B0139F}.Debug|Any CPU.Build.0 = Debug|Any CPU
		{96977DA8-CC8B-452C-842D-B9C004B0139F}.Release|Any CPU.ActiveCfg = Release|Any CPU
		{96977DA8-CC8B-452C-842D-B9C004B0139F}.Release|Any CPU.Build.0 = Release|Any CPU
	EndGlobalSection
	GlobalSection(SolutionProperties) = preSolution
		HideSolutionNode = FALSE
	EndGlobalSection
	GlobalSection(ExtensibilityGlobals) = postSolution
		SolutionGuid = {5EE4907F-F76A-4396-AE91-B33CEF45DCF6}
	EndGlobalSection
EndGlobal
