
Microsoft Visual Studio Solution File, Format Version 12.00
# Visual Studio Version 17
VisualStudioVersion = 17.9.34723.18
MinimumVisualStudioVersion = 10.0.40219.1
Project("{FAE04EC0-301F-11D3-BF4B-00C04F79EFBC}") = "13.06", "13.06.csproj", "{70B1EF22-347A-4A8C-8DC2-8CF1DBB005F6}"
EndProject
Global
	GlobalSection(SolutionConfigurationPlatforms) = preSolution
		Debug|Any CPU = Debug|Any CPU
		Release|Any CPU = Release|Any CPU
	EndGlobalSection
	GlobalSection(ProjectConfigurationPlatforms) = postSolution
		{70B1EF22-347A-4A8C-8DC2-8CF1DBB005F6}.Debug|Any CPU.ActiveCfg = Debug|Any CPU
		{70B1EF22-347A-4A8C-8DC2-8CF1DBB005F6}.Debug|Any CPU.Build.0 = Debug|Any CPU
		{70B1EF22-347A-4A8C-8DC2-8CF1DBB005F6}.Release|Any CPU.ActiveCfg = Release|Any CPU
		{70B1EF22-347A-4A8C-8DC2-8CF1DBB005F6}.Release|Any CPU.Build.0 = Release|Any CPU
	EndGlobalSection
	GlobalSection(SolutionProperties) = preSolution
		HideSolutionNode = FALSE
	EndGlobalSection
	GlobalSection(ExtensibilityGlobals) = postSolution
		SolutionGuid = {5A67AB06-9126-46C7-9E3E-85CE59896D20}
	EndGlobalSection
EndGlobal
