
Microsoft Visual Studio Solution File, Format Version 12.00
# Visual Studio Version 17
VisualStudioVersion = 17.9.34723.18
MinimumVisualStudioVersion = 10.0.40219.1
Project("{FAE04EC0-301F-11D3-BF4B-00C04F79EFBC}") = "20.06", "20.06.csproj", "{41DDA6FE-BAF5-46FB-B798-5B0F070A7005}"
EndProject
Project("{FAE04EC0-301F-11D3-BF4B-00C04F79EFBC}") = "Pagination(20.06)", "..\Pagination(20.06)\Pagination(20.06).csproj", "{FF038CF0-CAA3-4F07-A6F5-56557F417972}"
EndProject
Global
	GlobalSection(SolutionConfigurationPlatforms) = preSolution
		Debug|Any CPU = Debug|Any CPU
		Release|Any CPU = Release|Any CPU
	EndGlobalSection
	GlobalSection(ProjectConfigurationPlatforms) = postSolution
		{41DDA6FE-BAF5-46FB-B798-5B0F070A7005}.Debug|Any CPU.ActiveCfg = Debug|Any CPU
		{41DDA6FE-BAF5-46FB-B798-5B0F070A7005}.Debug|Any CPU.Build.0 = Debug|Any CPU
		{41DDA6FE-BAF5-46FB-B798-5B0F070A7005}.Release|Any CPU.ActiveCfg = Release|Any CPU
		{41DDA6FE-BAF5-46FB-B798-5B0F070A7005}.Release|Any CPU.Build.0 = Release|Any CPU
		{FF038CF0-CAA3-4F07-A6F5-56557F417972}.Debug|Any CPU.ActiveCfg = Debug|Any CPU
		{FF038CF0-CAA3-4F07-A6F5-56557F417972}.Debug|Any CPU.Build.0 = Debug|Any CPU
		{FF038CF0-CAA3-4F07-A6F5-56557F417972}.Release|Any CPU.ActiveCfg = Release|Any CPU
		{FF038CF0-CAA3-4F07-A6F5-56557F417972}.Release|Any CPU.Build.0 = Release|Any CPU
	EndGlobalSection
	GlobalSection(SolutionProperties) = preSolution
		HideSolutionNode = FALSE
	EndGlobalSection
	GlobalSection(ExtensibilityGlobals) = postSolution
		SolutionGuid = {C78F66D2-39D4-47E0-88B4-7F687E24123D}
	EndGlobalSection
EndGlobal
