
Microsoft Visual Studio Solution File, Format Version 12.00
# Visual Studio Version 17
VisualStudioVersion = 17.9.34723.18
MinimumVisualStudioVersion = 10.0.40219.1
Project("{FAE04EC0-301F-11D3-BF4B-00C04F79EFBC}") = "first app", "first app\first app.csproj", "{3A05698B-4EC3-4E6A-A55F-90AD866567A1}"
EndProject
Global
	GlobalSection(SolutionConfigurationPlatforms) = preSolution
		Debug|Any CPU = Debug|Any CPU
		Release|Any CPU = Release|Any CPU
	EndGlobalSection
	GlobalSection(ProjectConfigurationPlatforms) = postSolution
		{3A05698B-4EC3-4E6A-A55F-90AD866567A1}.Debug|Any CPU.ActiveCfg = Debug|Any CPU
		{3A05698B-4EC3-4E6A-A55F-90AD866567A1}.Debug|Any CPU.Build.0 = Debug|Any CPU
		{3A05698B-4EC3-4E6A-A55F-90AD866567A1}.Release|Any CPU.ActiveCfg = Release|Any CPU
		{3A05698B-4EC3-4E6A-A55F-90AD866567A1}.Release|Any CPU.Build.0 = Release|Any CPU
	EndGlobalSection
	GlobalSection(SolutionProperties) = preSolution
		HideSolutionNode = FALSE
	EndGlobalSection
	GlobalSection(ExtensibilityGlobals) = postSolution
		SolutionGuid = {ED9F0CFB-C1C4-48C0-B53A-377BE68B9673}
	EndGlobalSection
EndGlobal
