
Microsoft Visual Studio Solution File, Format Version 12.00
# Visual Studio Version 17
VisualStudioVersion = 17.9.34723.18
MinimumVisualStudioVersion = 10.0.40219.1
Project("{FAE04EC0-301F-11D3-BF4B-00C04F79EFBC}") = "lesson(06.06)", "lesson(06.06).csproj", "{69EC8295-9800-44B6-9ECF-A595B28EB715}"
EndProject
Project("{FAE04EC0-301F-11D3-BF4B-00C04F79EFBC}") = "sample2", "..\sample2\sample2.csproj", "{6137F770-D408-4B41-8ACA-56C58E1576E0}"
EndProject
Global
	GlobalSection(SolutionConfigurationPlatforms) = preSolution
		Debug|Any CPU = Debug|Any CPU
		Release|Any CPU = Release|Any CPU
	EndGlobalSection
	GlobalSection(ProjectConfigurationPlatforms) = postSolution
		{69EC8295-9800-44B6-9ECF-A595B28EB715}.Debug|Any CPU.ActiveCfg = Debug|Any CPU
		{69EC8295-9800-44B6-9ECF-A595B28EB715}.Debug|Any CPU.Build.0 = Debug|Any CPU
		{69EC8295-9800-44B6-9ECF-A595B28EB715}.Release|Any CPU.ActiveCfg = Release|Any CPU
		{69EC8295-9800-44B6-9ECF-A595B28EB715}.Release|Any CPU.Build.0 = Release|Any CPU
		{6137F770-D408-4B41-8ACA-56C58E1576E0}.Debug|Any CPU.ActiveCfg = Debug|Any CPU
		{6137F770-D408-4B41-8ACA-56C58E1576E0}.Debug|Any CPU.Build.0 = Debug|Any CPU
		{6137F770-D408-4B41-8ACA-56C58E1576E0}.Release|Any CPU.ActiveCfg = Release|Any CPU
		{6137F770-D408-4B41-8ACA-56C58E1576E0}.Release|Any CPU.Build.0 = Release|Any CPU
	EndGlobalSection
	GlobalSection(SolutionProperties) = preSolution
		HideSolutionNode = FALSE
	EndGlobalSection
	GlobalSection(ExtensibilityGlobals) = postSolution
		SolutionGuid = {481B0251-8A3F-466A-B444-95ED30AD7469}
	EndGlobalSection
EndGlobal
